
Microsoft Visual Studio Solution File, Format Version 12.00
# Visual Studio Version 16
VisualStudioVersion = 16.0.31321.278
MinimumVisualStudioVersion = 10.0.40219.1
Project("{FAE04EC0-301F-11D3-BF4B-00C04F79EFBC}") = "LeetCode", "LeetCode.csproj", "{B81678F8-015E-4A2B-85A2-94F72A79A44D}"
EndProject
Global
	GlobalSection(SolutionConfigurationPlatforms) = preSolution
		Debug|Any CPU = Debug|Any CPU
		Release|Any CPU = Release|Any CPU
	EndGlobalSection
	GlobalSection(ProjectConfigurationPlatforms) = postSolution
		{B81678F8-015E-4A2B-85A2-94F72A79A44D}.Debug|Any CPU.ActiveCfg = Debug|Any CPU
		{B81678F8-015E-4A2B-85A2-94F72A79A44D}.Debug|Any CPU.Build.0 = Debug|Any CPU
		{B81678F8-015E-4A2B-85A2-94F72A79A44D}.Release|Any CPU.ActiveCfg = Release|Any CPU
		{B81678F8-015E-4A2B-85A2-94F72A79A44D}.Release|Any CPU.Build.0 = Release|Any CPU
	EndGlobalSection
	GlobalSection(SolutionProperties) = preSolution
		HideSolutionNode = FALSE
	EndGlobalSection
	GlobalSection(ExtensibilityGlobals) = postSolution
		SolutionGuid = {EE8BA85A-F6BA-4E3B-AA16-24EA4136174B}
	EndGlobalSection
EndGlobal
